
Microsoft Visual Studio Solution File, Format Version 12.00
# Visual Studio 15
VisualStudioVersion = 15.0.28307.1169
MinimumVisualStudioVersion = 10.0.40219.1
Project("{FAE04EC0-301F-11D3-BF4B-00C04F79EFBC}") = "WindowsFormsApp1", "WindowsFormsApp1\WindowsFormsApp1.csproj", "{3E34188D-94C2-4FF9-B09F-E6ABE8223B6B}"
EndProject
Global
	GlobalSection(SolutionConfigurationPlatforms) = preSolution
		Debug|Any CPU = Debug|Any CPU
		Release|Any CPU = Release|Any CPU
	EndGlobalSection
	GlobalSection(ProjectConfigurationPlatforms) = postSolution
		{3E34188D-94C2-4FF9-B09F-E6ABE8223B6B}.Debug|Any CPU.ActiveCfg = Debug|Any CPU
		{3E34188D-94C2-4FF9-B09F-E6ABE8223B6B}.Debug|Any CPU.Build.0 = Debug|Any CPU
		{3E34188D-94C2-4FF9-B09F-E6ABE8223B6B}.Release|Any CPU.ActiveCfg = Release|Any CPU
		{3E34188D-94C2-4FF9-B09F-E6ABE8223B6B}.Release|Any CPU.Build.0 = Release|Any CPU
	EndGlobalSection
	GlobalSection(SolutionProperties) = preSolution
		HideSolutionNode = FALSE
	EndGlobalSection
	GlobalSection(ExtensibilityGlobals) = postSolution
		SolutionGuid = {0D879058-1F0F-4029-B12E-D50CB265E1C0}
	EndGlobalSection
EndGlobal
